<?xml version="1.0" encoding="UTF-8" standalone="yes" ?>
<CodeBlocks_project_file>
	<FileVersion major="1" minor="6" />
	<Project>
		<Option title="raster_tuning_raw" />
		<Option pch_mode="2" />
		<Option compiler="gcc" />
		<Build>
			<Target title="Debug Linux">
				<Option platforms="Unix;" />
				<Option output="bin/Debug/raster_tuning" prefix_auto="1" extension_auto="1" />
				<Option working_dir="./" />
				<Option object_output="obj/Debug/" />
				<Option type="1" />
				<Option compiler="gcc" />
				<Compiler>
					<Add option="-pedantic" />
					<Add option="-g" />
				</Compiler>
				<Linker>
					<Add library="GL" />
					<Add library="GLU" />
					<Add library="glut" />
					<Add directory="/usr/lib" />
				</Linker>
			</Target>
			<Target title="Release Linux">
				<Option platforms="Unix;" />
				<Option output="bin/Release/raster_tuning" prefix_auto="1" extension_auto="1" />
				<Option working_dir="./" />
				<Option object_output="obj/Release/" />
				<Option type="1" />
				<Option compiler="gcc" />
				<Option parameters="-ng -n 3 -t 1000000 -inf test2_test.txt -mat - -seed 0" />
				<Compiler>
					<Add option="-O2" />
				</Compiler>
				<Linker>
					<Add option="-s" />
					<Add library="GL" />
					<Add library="GLU" />
					<Add library="glut" />
				</Linker>
			</Target>
			<Target title="Debug win32">
				<Option platforms="Windows;" />
				<Option output="bin/Debug/raster_tuning" prefix_auto="1" extension_auto="1" />
				<Option working_dir="./" />
				<Option object_output="obj/Debug/" />
				<Option type="1" />
				<Option compiler="gcc" />
				<Compiler>
					<Add option="-g" />
				</Compiler>
				<Linker>
					<Add library="glut32" />
					<Add library="opengl32" />
					<Add library="glu32" />
				</Linker>
			</Target>
			<Target title="Release win32">
				<Option platforms="Windows;" />
				<Option output="bin/Release/raster_tuning" prefix_auto="1" extension_auto="1" />
				<Option working_dir="./" />
				<Option object_output="obj/Release/" />
				<Option type="1" />
				<Option compiler="gcc" />
				<Compiler>
					<Add option="-O2" />
				</Compiler>
				<Linker>
					<Add option="-s" />
					<Add library="glut32" />
					<Add library="opengl32" />
					<Add library="glu32" />
				</Linker>
			</Target>
		</Build>
		<Compiler>
			<Add option="-pedantic" />
			<Add option="-Wall" />
			<Add option="-ansi" />
		</Compiler>
		<Unit filename="Readme.txt">
			<Option target="&lt;{~None~}&gt;" />
		</Unit>
		<Unit filename="changelog">
			<Option target="&lt;{~None~}&gt;" />
		</Unit>
		<Unit filename="datahandling.cpp" />
		<Unit filename="datahandling.h" />
		<Unit filename="datainput.cpp" />
		<Unit filename="datainput.h" />
		<Unit filename="loop.cpp" />
		<Unit filename="loop.h" />
		<Unit filename="myopengl.cpp" />
		<Unit filename="myopengl.h" />
		<Unit filename="neuron.cpp" />
		<Unit filename="neuron.h" />
		<Unit filename="poisson_input.cpp" />
		<Unit filename="poisson_input.h" />
		<Unit filename="random.cpp" />
		<Unit filename="random.h" />
		<Unit filename="raster.cpp" />
		<Unit filename="raster.h" />
		<Unit filename="raster_tuning.cpp" />
		<Unit filename="stdafx.h">
			<Option weight="1" />
		</Unit>
		<Unit filename="test.txt">
			<Option target="&lt;{~None~}&gt;" />
		</Unit>
		<Unit filename="test2.txt">
			<Option target="&lt;{~None~}&gt;" />
		</Unit>
		<Extensions>
			<envvars />
			<code_completion />
			<debugger />
		</Extensions>
	</Project>
</CodeBlocks_project_file>
